
Microsoft Visual Studio Solution File, Format Version 12.00
# Visual Studio 14
VisualStudioVersion = 14.0.23107.0
MinimumVisualStudioVersion = 10.0.40219.1
Project("{8BC9CEB8-8B4A-11D0-8D11-00A0C91BC942}") = "emuGLES2", "native\native.vcxproj", "{213E682B-5E0E-4B66-B19A-DA88EA95A98B}"
EndProject
Project("{F2A71F9B-5D33-465A-A702-920D77279786}") = "FsGlfw3", "dotGlfw3\FsGlfw3.fsproj", "{F108E0FF-7CB0-482D-9BF5-A2513D31266D}"
EndProject
Project("{F2A71F9B-5D33-465A-A702-920D77279786}") = "FsGLES2", "FsGLES2\FsGLES2.fsproj", "{F88BC1E8-3117-4DCA-926A-EE912034681E}"
EndProject
Project("{F2A71F9B-5D33-465A-A702-920D77279786}") = "TestGlfw3ES2", "TestGlfw3ES2\TestGlfw3ES2.fsproj", "{6EC701A8-417F-4539-A0E1-6FBF1737E0BD}"
EndProject
Global
	GlobalSection(SolutionConfigurationPlatforms) = preSolution
		Debug|Any CPU = Debug|Any CPU
		Debug|Mixed Platforms = Debug|Mixed Platforms
		Debug|Win32 = Debug|Win32
		Release|Any CPU = Release|Any CPU
		Release|Mixed Platforms = Release|Mixed Platforms
		Release|Win32 = Release|Win32
	EndGlobalSection
	GlobalSection(ProjectConfigurationPlatforms) = postSolution
		{213E682B-5E0E-4B66-B19A-DA88EA95A98B}.Debug|Any CPU.ActiveCfg = Debug|Win32
		{213E682B-5E0E-4B66-B19A-DA88EA95A98B}.Debug|Mixed Platforms.ActiveCfg = Debug|Win32
		{213E682B-5E0E-4B66-B19A-DA88EA95A98B}.Debug|Mixed Platforms.Build.0 = Debug|Win32
		{213E682B-5E0E-4B66-B19A-DA88EA95A98B}.Debug|Win32.ActiveCfg = Debug|Win32
		{213E682B-5E0E-4B66-B19A-DA88EA95A98B}.Debug|Win32.Build.0 = Debug|Win32
		{213E682B-5E0E-4B66-B19A-DA88EA95A98B}.Release|Any CPU.ActiveCfg = Release|Win32
		{213E682B-5E0E-4B66-B19A-DA88EA95A98B}.Release|Mixed Platforms.ActiveCfg = Release|Win32
		{213E682B-5E0E-4B66-B19A-DA88EA95A98B}.Release|Mixed Platforms.Build.0 = Release|Win32
		{213E682B-5E0E-4B66-B19A-DA88EA95A98B}.Release|Win32.ActiveCfg = Release|Win32
		{213E682B-5E0E-4B66-B19A-DA88EA95A98B}.Release|Win32.Build.0 = Release|Win32
		{F108E0FF-7CB0-482D-9BF5-A2513D31266D}.Debug|Any CPU.ActiveCfg = Debug|Any CPU
		{F108E0FF-7CB0-482D-9BF5-A2513D31266D}.Debug|Any CPU.Build.0 = Debug|Any CPU
		{F108E0FF-7CB0-482D-9BF5-A2513D31266D}.Debug|Mixed Platforms.ActiveCfg = Debug|Any CPU
		{F108E0FF-7CB0-482D-9BF5-A2513D31266D}.Debug|Mixed Platforms.Build.0 = Debug|Any CPU
		{F108E0FF-7CB0-482D-9BF5-A2513D31266D}.Debug|Win32.ActiveCfg = Debug|Any CPU
		{F108E0FF-7CB0-482D-9BF5-A2513D31266D}.Debug|Win32.Build.0 = Debug|Any CPU
		{F108E0FF-7CB0-482D-9BF5-A2513D31266D}.Release|Any CPU.ActiveCfg = Release|Any CPU
		{F108E0FF-7CB0-482D-9BF5-A2513D31266D}.Release|Any CPU.Build.0 = Release|Any CPU
		{F108E0FF-7CB0-482D-9BF5-A2513D31266D}.Release|Mixed Platforms.ActiveCfg = Release|Any CPU
		{F108E0FF-7CB0-482D-9BF5-A2513D31266D}.Release|Mixed Platforms.Build.0 = Release|Any CPU
		{F108E0FF-7CB0-482D-9BF5-A2513D31266D}.Release|Win32.ActiveCfg = Release|Any CPU
		{F108E0FF-7CB0-482D-9BF5-A2513D31266D}.Release|Win32.Build.0 = Release|Any CPU
		{F88BC1E8-3117-4DCA-926A-EE912034681E}.Debug|Any CPU.ActiveCfg = Debug|Any CPU
		{F88BC1E8-3117-4DCA-926A-EE912034681E}.Debug|Any CPU.Build.0 = Debug|Any CPU
		{F88BC1E8-3117-4DCA-926A-EE912034681E}.Debug|Mixed Platforms.ActiveCfg = Debug|Any CPU
		{F88BC1E8-3117-4DCA-926A-EE912034681E}.Debug|Mixed Platforms.Build.0 = Debug|Any CPU
		{F88BC1E8-3117-4DCA-926A-EE912034681E}.Debug|Win32.ActiveCfg = Debug|Any CPU
		{F88BC1E8-3117-4DCA-926A-EE912034681E}.Debug|Win32.Build.0 = Debug|Any CPU
		{F88BC1E8-3117-4DCA-926A-EE912034681E}.Release|Any CPU.ActiveCfg = Release|Any CPU
		{F88BC1E8-3117-4DCA-926A-EE912034681E}.Release|Any CPU.Build.0 = Release|Any CPU
		{F88BC1E8-3117-4DCA-926A-EE912034681E}.Release|Mixed Platforms.ActiveCfg = Release|Any CPU
		{F88BC1E8-3117-4DCA-926A-EE912034681E}.Release|Mixed Platforms.Build.0 = Release|Any CPU
		{F88BC1E8-3117-4DCA-926A-EE912034681E}.Release|Win32.ActiveCfg = Release|Any CPU
		{F88BC1E8-3117-4DCA-926A-EE912034681E}.Release|Win32.Build.0 = Release|Any CPU
		{6EC701A8-417F-4539-A0E1-6FBF1737E0BD}.Debug|Any CPU.ActiveCfg = Debug|Any CPU
		{6EC701A8-417F-4539-A0E1-6FBF1737E0BD}.Debug|Any CPU.Build.0 = Debug|Any CPU
		{6EC701A8-417F-4539-A0E1-6FBF1737E0BD}.Debug|Mixed Platforms.ActiveCfg = Debug|Any CPU
		{6EC701A8-417F-4539-A0E1-6FBF1737E0BD}.Debug|Mixed Platforms.Build.0 = Debug|Any CPU
		{6EC701A8-417F-4539-A0E1-6FBF1737E0BD}.Debug|Win32.ActiveCfg = Debug|Any CPU
		{6EC701A8-417F-4539-A0E1-6FBF1737E0BD}.Debug|Win32.Build.0 = Debug|Any CPU
		{6EC701A8-417F-4539-A0E1-6FBF1737E0BD}.Release|Any CPU.ActiveCfg = Release|Any CPU
		{6EC701A8-417F-4539-A0E1-6FBF1737E0BD}.Release|Any CPU.Build.0 = Release|Any CPU
		{6EC701A8-417F-4539-A0E1-6FBF1737E0BD}.Release|Mixed Platforms.ActiveCfg = Release|Any CPU
		{6EC701A8-417F-4539-A0E1-6FBF1737E0BD}.Release|Mixed Platforms.Build.0 = Release|Any CPU
		{6EC701A8-417F-4539-A0E1-6FBF1737E0BD}.Release|Win32.ActiveCfg = Release|Any CPU
		{6EC701A8-417F-4539-A0E1-6FBF1737E0BD}.Release|Win32.Build.0 = Release|Any CPU
	EndGlobalSection
	GlobalSection(SolutionProperties) = preSolution
		HideSolutionNode = FALSE
	EndGlobalSection
EndGlobal
